// !$*UTF8*$!
{
	archiveVersion = 1;
	classes = {
	};
	objectVersion = 55;
	objects = {

/* Begin PBXBuildFile section */
		B35872152782E366003F73FB /* MoshMate_v1App.swift in Sources */ = {isa = PBXBuildFile; fileRef = B35872142782E366003F73FB /* MoshMate_v1App.swift */; };
		B35872172782E366003F73FB /* FindView.swift in Sources */ = {isa = PBXBuildFile; fileRef = B35872162782E366003F73FB /* FindView.swift */; };
		B35872192782E367003F73FB /* Assets.xcassets in Resources */ = {isa = PBXBuildFile; fileRef = B35872182782E367003F73FB /* Assets.xcassets */; };
		B358721C2782E367003F73FB /* Preview Assets.xcassets in Resources */ = {isa = PBXBuildFile; fileRef = B358721B2782E367003F73FB /* Preview Assets.xcassets */; };
		B35E21D32785534C00E2FBB6 /* LocationManager.swift in Sources */ = {isa = PBXBuildFile; fileRef = B35E21D22785534C00E2FBB6 /* LocationManager.swift */; };
		B35E21DB27855F7100E2FBB6 /* MKCoordinateRegionExtensions.swift in Sources */ = {isa = PBXBuildFile; fileRef = B35E21DA27855F7100E2FBB6 /* MKCoordinateRegionExtensions.swift */; };
		B3B66D9327857632001FC7F8 /* MapUIView.swift in Sources */ = {isa = PBXBuildFile; fileRef = B3B66D9227857632001FC7F8 /* MapUIView.swift */; };
		B3B66D9527857A06001FC7F8 /* StackedView.swift in Sources */ = {isa = PBXBuildFile; fileRef = B3B66D9427857A06001FC7F8 /* StackedView.swift */; };
		B3B66DA02786AF33001FC7F8 /* MapView.swift in Sources */ = {isa = PBXBuildFile; fileRef = B3B66D9F2786AF33001FC7F8 /* MapView.swift */; };
/* End PBXBuildFile section */

/* Begin PBXFileReference section */
		B35872112782E366003F73FB /* MoshMate_v1.app */ = {isa = PBXFileReference; explicitFileType = wrapper.application; includeInIndex = 0; path = MoshMate_v1.app; sourceTree = BUILT_PRODUCTS_DIR; };
		B35872142782E366003F73FB /* MoshMate_v1App.swift */ = {isa = PBXFileReference; lastKnownFileType = sourcecode.swift; path = MoshMate_v1App.swift; sourceTree = "<group>"; };
		B35872162782E366003F73FB /* FindView.swift */ = {isa = PBXFileReference; lastKnownFileType = sourcecode.swift; path = FindView.swift; sourceTree = "<group>"; };
		B35872182782E367003F73FB /* Assets.xcassets */ = {isa = PBXFileReference; lastKnownFileType = folder.assetcatalog; path = Assets.xcassets; sourceTree = "<group>"; };
		B358721B2782E367003F73FB /* Preview Assets.xcassets */ = {isa = PBXFileReference; lastKnownFileType = folder.assetcatalog; path = "Preview Assets.xcassets"; sourceTree = "<group>"; };
		B35E21CE2783FFB500E2FBB6 /* Changelog.md */ = {isa = PBXFileReference; lastKnownFileType = net.daringfireball.markdown; path = Changelog.md; sourceTree = "<group>"; };
		B35E21D22785534C00E2FBB6 /* LocationManager.swift */ = {isa = PBXFileReference; lastKnownFileType = sourcecode.swift; path = LocationManager.swift; sourceTree = "<group>"; };
		B35E21DA27855F7100E2FBB6 /* MKCoordinateRegionExtensions.swift */ = {isa = PBXFileReference; lastKnownFileType = sourcecode.swift; path = MKCoordinateRegionExtensions.swift; sourceTree = "<group>"; };
		B3B66D9227857632001FC7F8 /* MapUIView.swift */ = {isa = PBXFileReference; lastKnownFileType = sourcecode.swift; path = MapUIView.swift; sourceTree = "<group>"; };
		B3B66D9427857A06001FC7F8 /* StackedView.swift */ = {isa = PBXFileReference; lastKnownFileType = sourcecode.swift; path = StackedView.swift; sourceTree = "<group>"; };
		B3B66D9F2786AF33001FC7F8 /* MapView.swift */ = {isa = PBXFileReference; lastKnownFileType = sourcecode.swift; path = MapView.swift; sourceTree = "<group>"; };
/* End PBXFileReference section */

/* Begin PBXFrameworksBuildPhase section */
		B358720E2782E366003F73FB /* Frameworks */ = {
			isa = PBXFrameworksBuildPhase;
			buildActionMask = 2147483647;
			files = (
			);
			runOnlyForDeploymentPostprocessing = 0;
		};
/* End PBXFrameworksBuildPhase section */

/* Begin PBXGroup section */
		B35872082782E366003F73FB = {
			isa = PBXGroup;
			children = (
				B35872132782E366003F73FB /* MoshMate_v1 */,
				B35872122782E366003F73FB /* Products */,
			);
			sourceTree = "<group>";
		};
		B35872122782E366003F73FB /* Products */ = {
			isa = PBXGroup;
			children = (
				B35872112782E366003F73FB /* MoshMate_v1.app */,
			);
			name = Products;
			sourceTree = "<group>";
		};
		B35872132782E366003F73FB /* MoshMate_v1 */ = {
			isa = PBXGroup;
			children = (
				B35E21D927855F6300E2FBB6 /* Extensions */,
				B35E21D1278551DA00E2FBB6 /* Managers */,
				B35872142782E366003F73FB /* MoshMate_v1App.swift */,
				B35E21CF2784068C00E2FBB6 /* Views */,
				B35872182782E367003F73FB /* Assets.xcassets */,
				B358721A2782E367003F73FB /* Preview Content */,
				B35E21CE2783FFB500E2FBB6 /* Changelog.md */,
			);
			path = MoshMate_v1;
			sourceTree = "<group>";
		};
		B358721A2782E367003F73FB /* Preview Content */ = {
			isa = PBXGroup;
			children = (
				B358721B2782E367003F73FB /* Preview Assets.xcassets */,
			);
			path = "Preview Content";
			sourceTree = "<group>";
		};
		B35E21CF2784068C00E2FBB6 /* Views */ = {
			isa = PBXGroup;
			children = (
				B3B66D9227857632001FC7F8 /* MapUIView.swift */,
				B35872162782E366003F73FB /* FindView.swift */,
				B3B66D9427857A06001FC7F8 /* StackedView.swift */,
				B3B66D9F2786AF33001FC7F8 /* MapView.swift */,
			);
			path = Views;
			sourceTree = "<group>";
		};
		B35E21D1278551DA00E2FBB6 /* Managers */ = {
			isa = PBXGroup;
			children = (
				B35E21D22785534C00E2FBB6 /* LocationManager.swift */,
			);
			path = Managers;
			sourceTree = "<group>";
		};
		B35E21D927855F6300E2FBB6 /* Extensions */ = {
			isa = PBXGroup;
			children = (
				B35E21DA27855F7100E2FBB6 /* MKCoordinateRegionExtensions.swift */,
			);
			path = Extensions;
			sourceTree = "<group>";
		};
/* End PBXGroup section */

/* Begin PBXNativeTarget section */
		B35872102782E366003F73FB /* MoshMate_v1 */ = {
			isa = PBXNativeTarget;
			buildConfigurationList = B358721F2782E367003F73FB /* Build configuration list for PBXNativeTarget "MoshMate_v1" */;
			buildPhases = (
				B358720D2782E366003F73FB /* Sources */,
				B358720E2782E366003F73FB /* Frameworks */,
				B358720F2782E366003F73FB /* Resources */,
			);
			buildRules = (
			);
			dependencies = (
			);
			name = MoshMate_v1;
			productName = MoshMate_v1;
			productReference = B35872112782E366003F73FB /* MoshMate_v1.app */;
			productType = "com.apple.product-type.application";
		};
/* End PBXNativeTarget section */

/* Begin PBXProject section */
		B35872092782E366003F73FB /* Project object */ = {
			isa = PBXProject;
			attributes = {
				BuildIndependentTargetsInParallel = 1;
				LastSwiftUpdateCheck = 1310;
				LastUpgradeCheck = 1310;
				TargetAttributes = {
					B35872102782E366003F73FB = {
						CreatedOnToolsVersion = 13.1;
					};
				};
			};
			buildConfigurationList = B358720C2782E366003F73FB /* Build configuration list for PBXProject "MoshMate_v1" */;
			compatibilityVersion = "Xcode 13.0";
			developmentRegion = en;
			hasScannedForEncodings = 0;
			knownRegions = (
				en,
				Base,
			);
			mainGroup = B35872082782E366003F73FB;
			productRefGroup = B35872122782E366003F73FB /* Products */;
			projectDirPath = "";
			projectRoot = "";
			targets = (
				B35872102782E366003F73FB /* MoshMate_v1 */,
			);
		};
/* End PBXProject section */

/* Begin PBXResourcesBuildPhase section */
		B358720F2782E366003F73FB /* Resources */ = {
			isa = PBXResourcesBuildPhase;
			buildActionMask = 2147483647;
			files = (
				B358721C2782E367003F73FB /* Preview Assets.xcassets in Resources */,
				B35872192782E367003F73FB /* Assets.xcassets in Resources */,
			);
			runOnlyForDeploymentPostprocessing = 0;
		};
/* End PBXResourcesBuildPhase section */

/* Begin PBXSourcesBuildPhase section */
		B358720D2782E366003F73FB /* Sources */ = {
			isa = PBXSourcesBuildPhase;
			buildActionMask = 2147483647;
			files = (
				B3B66D9527857A06001FC7F8 /* StackedView.swift in Sources */,
				B3B66DA02786AF33001FC7F8 /* MapView.swift in Sources */,
				B35872172782E366003F73FB /* FindView.swift in Sources */,
				B35E21DB27855F7100E2FBB6 /* MKCoordinateRegionExtensions.swift in Sources */,
				B3B66D9327857632001FC7F8 /* MapUIView.swift in Sources */,
				B35E21D32785534C00E2FBB6 /* LocationManager.swift in Sources */,
				B35872152782E366003F73FB /* MoshMate_v1App.swift in Sources */,
			);
			runOnlyForDeploymentPostprocessing = 0;
		};
/* End PBXSourcesBuildPhase section */

/* Begin XCBuildConfiguration section */
		B358721D2782E367003F73FB /* Debug */ = {
			isa = XCBuildConfiguration;
			buildSettings = {
				ALWAYS_SEARCH_USER_PATHS = NO;
				CLANG_ANALYZER_NONNULL = YES;
				CLANG_ANALYZER_NUMBER_OBJECT_CONVERSION = YES_AGGRESSIVE;
				CLANG_CXX_LANGUAGE_STANDARD = "gnu++17";
				CLANG_CXX_LIBRARY = "libc++";
				CLANG_ENABLE_MODULES = YES;
				CLANG_ENABLE_OBJC_ARC = YES;
				CLANG_ENABLE_OBJC_WEAK = YES;
				CLANG_WARN_BLOCK_CAPTURE_AUTORELEASING = YES;
				CLANG_WARN_BOOL_CONVERSION = YES;
				CLANG_WARN_COMMA = YES;
				CLANG_WARN_CONSTANT_CONVERSION = YES;
				CLANG_WARN_DEPRECATED_OBJC_IMPLEMENTATIONS = YES;
				CLANG_WARN_DIRECT_OBJC_ISA_USAGE = YES_ERROR;
				CLANG_WARN_DOCUMENTATION_COMMENTS = YES;
				CLANG_WARN_EMPTY_BODY = YES;
				CLANG_WARN_ENUM_CONVERSION = YES;
				CLANG_WARN_INFINITE_RECURSION = YES;
				CLANG_WARN_INT_CONVERSION = YES;
				CLANG_WARN_NON_LITERAL_NULL_CONVERSION = YES;
				CLANG_WARN_OBJC_IMPLICIT_RETAIN_SELF = YES;
				CLANG_WARN_OBJC_LITERAL_CONVERSION = YES;
				CLANG_WARN_OBJC_ROOT_CLASS = YES_ERROR;
				CLANG_WARN_QUOTED_INCLUDE_IN_FRAMEWORK_HEADER = YES;
				CLANG_WARN_RANGE_LOOP_ANALYSIS = YES;
				CLANG_WARN_STRICT_PROTOTYPES = YES;
				CLANG_WARN_SUSPICIOUS_MOVE = YES;
				CLANG_WARN_UNGUARDED_AVAILABILITY = YES_AGGRESSIVE;
				CLANG_WARN_UNREACHABLE_CODE = YES;
				CLANG_WARN__DUPLICATE_METHOD_MATCH = YES;
				COPY_PHASE_STRIP = NO;
				DEBUG_INFORMATION_FORMAT = dwarf;
				ENABLE_STRICT_OBJC_MSGSEND = YES;
				ENABLE_TESTABILITY = YES;
				GCC_C_LANGUAGE_STANDARD = gnu11;
				GCC_DYNAMIC_NO_PIC = NO;
				GCC_NO_COMMON_BLOCKS = YES;
				GCC_OPTIMIZATION_LEVEL = 0;
				GCC_PREPROCESSOR_DEFINITIONS = (
					"DEBUG=1",
					"$(inherited)",
				);
				GCC_WARN_64_TO_32_BIT_CONVERSION = YES;
				GCC_WARN_ABOUT_RETURN_TYPE = YES_ERROR;
				GCC_WARN_UNDECLARED_SELECTOR = YES;
				GCC_WARN_UNINITIALIZED_AUTOS = YES_AGGRESSIVE;
				GCC_WARN_UNUSED_FUNCTION = YES;
				GCC_WARN_UNUSED_VARIABLE = YES;
				IPHONEOS_DEPLOYMENT_TARGET = 15.0;
				MTL_ENABLE_DEBUG_INFO = INCLUDE_SOURCE;
				MTL_FAST_MATH = YES;
				ONLY_ACTIVE_ARCH = YES;
				SDKROOT = iphoneos;
				SWIFT_ACTIVE_COMPILATION_CONDITIONS = DEBUG;
				SWIFT_OPTIMIZATION_LEVEL = "-Onone";
			};
			name = Debug;
		};
		B358721E2782E367003F73FB /* Release */ = {
			isa = XCBuildConfiguration;
			buildSettings = {
				ALWAYS_SEARCH_USER_PATHS = NO;
				CLANG_ANALYZER_NONNULL = YES;
				CLANG_ANALYZER_NUMBER_OBJECT_CONVERSION = YES_AGGRESSIVE;
				CLANG_CXX_LANGUAGE_STANDARD = "gnu++17";
				CLANG_CXX_LIBRARY = "libc++";
				CLANG_ENABLE_MODULES = YES;
				CLANG_ENABLE_OBJC_ARC = YES;
				CLANG_ENABLE_OBJC_WEAK = YES;
				CLANG_WARN_BLOCK_CAPTURE_AUTORELEASING = YES;
				CLANG_WARN_BOOL_CONVERSION = YES;
				CLANG_WARN_COMMA = YES;
				CLANG_WARN_CONSTANT_CONVERSION = YES;
				CLANG_WARN_DEPRECATED_OBJC_IMPLEMENTATIONS = YES;
				CLANG_WARN_DIRECT_OBJC_ISA_USAGE = YES_ERROR;
				CLANG_WARN_DOCUMENTATION_COMMENTS = YES;
				CLANG_WARN_EMPTY_BODY = YES;
				CLANG_WARN_ENUM_CONVERSION = YES;
				CLANG_WARN_INFINITE_RECURSION = YES;
				CLANG_WARN_INT_CONVERSION = YES;
				CLANG_WARN_NON_LITERAL_NULL_CONVERSION = YES;
				CLANG_WARN_OBJC_IMPLICIT_RETAIN_SELF = YES;
				CLANG_WARN_OBJC_LITERAL_CONVERSION = YES;
				CLANG_WARN_OBJC_ROOT_CLASS = YES_ERROR;
				CLANG_WARN_QUOTED_INCLUDE_IN_FRAMEWORK_HEADER = YES;
				CLANG_WARN_RANGE_LOOP_ANALYSIS = YES;
				CLANG_WARN_STRICT_PROTOTYPES = YES;
				CLANG_WARN_SUSPICIOUS_MOVE = YES;
				CLANG_WARN_UNGUARDED_AVAILABILITY = YES_AGGRESSIVE;
				CLANG_WARN_UNREACHABLE_CODE = YES;
				CLANG_WARN__DUPLICATE_METHOD_MATCH = YES;
				COPY_PHASE_STRIP = NO;
				DEBUG_INFORMATION_FORMAT = "dwarf-with-dsym";
				ENABLE_NS_ASSERTIONS = NO;
				ENABLE_STRICT_OBJC_MSGSEND = YES;
				GCC_C_LANGUAGE_STANDARD = gnu11;
				GCC_NO_COMMON_BLOCKS = YES;
				GCC_WARN_64_TO_32_BIT_CONVERSION = YES;
				GCC_WARN_ABOUT_RETURN_TYPE = YES_ERROR;
				GCC_WARN_UNDECLARED_SELECTOR = YES;
				GCC_WARN_UNINITIALIZED_AUTOS = YES_AGGRESSIVE;
				GCC_WARN_UNUSED_FUNCTION = YES;
				GCC_WARN_UNUSED_VARIABLE = YES;
				IPHONEOS_DEPLOYMENT_TARGET = 15.0;
				MTL_ENABLE_DEBUG_INFO = NO;
				MTL_FAST_MATH = YES;
				SDKROOT = iphoneos;
				SWIFT_COMPILATION_MODE = wholemodule;
				SWIFT_OPTIMIZATION_LEVEL = "-O";
				VALIDATE_PRODUCT = YES;
			};
			name = Release;
		};
		B35872202782E367003F73FB /* Debug */ = {
			isa = XCBuildConfiguration;
			buildSettings = {
				ASSETCATALOG_COMPILER_APPICON_NAME = AppIcon;
				ASSETCATALOG_COMPILER_GLOBAL_ACCENT_COLOR_NAME = AccentColor;
				CODE_SIGN_STYLE = Automatic;
				CURRENT_PROJECT_VERSION = 1;
				DEVELOPMENT_ASSET_PATHS = "\"MoshMate_v1/Preview Content\"";
				DEVELOPMENT_TEAM = JHVZLAV48H;
				ENABLE_PREVIEWS = YES;
				GENERATE_INFOPLIST_FILE = YES;
				INFOPLIST_FILE = "MoshMate-v1-Info.plist";
				INFOPLIST_KEY_LSApplicationCategoryType = "";
				INFOPLIST_KEY_NSLocationAlwaysAndWhenInUseUsageDescription = "This app needs location.";
				INFOPLIST_KEY_NSLocationWhenInUseUsageDescription = "This app needs location.";
				INFOPLIST_KEY_UIApplicationSceneManifest_Generation = YES;
				INFOPLIST_KEY_UIApplicationSupportsIndirectInputEvents = YES;
				INFOPLIST_KEY_UILaunchScreen_Generation = YES;
				INFOPLIST_KEY_UISupportedInterfaceOrientations_iPad = "UIInterfaceOrientationPortrait UIInterfaceOrientationPortraitUpsideDown UIInterfaceOrientationLandscapeLeft UIInterfaceOrientationLandscapeRight";
				INFOPLIST_KEY_UISupportedInterfaceOrientations_iPhone = "UIInterfaceOrientationPortrait UIInterfaceOrientationLandscapeLeft UIInterfaceOrientationLandscapeRight";
				LD_RUNPATH_SEARCH_PATHS = (
					"$(inherited)",
					"@executable_path/Frameworks",
				);
				MARKETING_VERSION = 1.0;
				PRODUCT_BUNDLE_IDENTIFIER = "com.MoshMate.MoshMate-v1";
				PRODUCT_NAME = "$(TARGET_NAME)";
				SWIFT_EMIT_LOC_STRINGS = YES;
				SWIFT_VERSION = 5.0;
				TARGETED_DEVICE_FAMILY = "1,2";
			};
			name = Debug;
		};
		B35872212782E367003F73FB /* Release */ = {
			isa = XCBuildConfiguration;
			buildSettings = {
				ASSETCATALOG_COMPILER_APPICON_NAME = AppIcon;
				ASSETCATALOG_COMPILER_GLOBAL_ACCENT_COLOR_NAME = AccentColor;
				CODE_SIGN_STYLE = Automatic;
				CURRENT_PROJECT_VERSION = 1;
				DEVELOPMENT_ASSET_PATHS = "\"MoshMate_v1/Preview Content\"";
				DEVELOPMENT_TEAM = JHVZLAV48H;
				ENABLE_PREVIEWS = YES;
				GENERATE_INFOPLIST_FILE = YES;
				INFOPLIST_FILE = "MoshMate-v1-Info.plist";
				INFOPLIST_KEY_LSApplicationCategoryType = "";
				INFOPLIST_KEY_NSLocationAlwaysAndWhenInUseUsageDescription = "This app needs location.";
				INFOPLIST_KEY_NSLocationWhenInUseUsageDescription = "This app needs location.";
				INFOPLIST_KEY_UIApplicationSceneManifest_Generation = YES;
				INFOPLIST_KEY_UIApplicationSupportsIndirectInputEvents = YES;
				INFOPLIST_KEY_UILaunchScreen_Generation = YES;
				INFOPLIST_KEY_UISupportedInterfaceOrientations_iPad = "UIInterfaceOrientationPortrait UIInterfaceOrientationPortraitUpsideDown UIInterfaceOrientationLandscapeLeft UIInterfaceOrientationLandscapeRight";
				INFOPLIST_KEY_UISupportedInterfaceOrientations_iPhone = "UIInterfaceOrientationPortrait UIInterfaceOrientationLandscapeLeft UIInterfaceOrientationLandscapeRight";
				LD_RUNPATH_SEARCH_PATHS = (
					"$(inherited)",
					"@executable_path/Frameworks",
				);
				MARKETING_VERSION = 1.0;
				PRODUCT_BUNDLE_IDENTIFIER = "com.MoshMate.MoshMate-v1";
				PRODUCT_NAME = "$(TARGET_NAME)";
				SWIFT_EMIT_LOC_STRINGS = YES;
				SWIFT_VERSION = 5.0;
				TARGETED_DEVICE_FAMILY = "1,2";
			};
			name = Release;
		};
/* End XCBuildConfiguration section */

/* Begin XCConfigurationList section */
		B358720C2782E366003F73FB /* Build configuration list for PBXProject "MoshMate_v1" */ = {
			isa = XCConfigurationList;
			buildConfigurations = (
				B358721D2782E367003F73FB /* Debug */,
				B358721E2782E367003F73FB /* Release */,
			);
			defaultConfigurationIsVisible = 0;
			defaultConfigurationName = Release;
		};
		B358721F2782E367003F73FB /* Build configuration list for PBXNativeTarget "MoshMate_v1" */ = {
			isa = XCConfigurationList;
			buildConfigurations = (
				B35872202782E367003F73FB /* Debug */,
				B35872212782E367003F73FB /* Release */,
			);
			defaultConfigurationIsVisible = 0;
			defaultConfigurationName = Release;
		};
/* End XCConfigurationList section */
	};
	rootObject = B35872092782E366003F73FB /* Project object */;
}
